{
  "version": 4,
  "terraform_version": "1.10.3",
  "serial": 16,
  "lineage": "d1df1188-0531-687b-cc8e-ae476d9c20f6",
  "outputs": {
    "ecr_repository_url": {
      "value": "637423200636.dkr.ecr.us-east-1.amazonaws.com/model-server-repo",
      "type": "string"
    },
    "instance_id": {
      "value": "i-01ae9ebcb0745ba76",
      "type": "string"
    },
    "instance_public_dns": {
      "value": "ec2-52-22-51-188.compute-1.amazonaws.com",
      "type": "string"
    },
    "instance_public_ip": {
      "value": "52.22.51.188",
      "type": "string"
    },
    "region": {
      "value": "us-east-1",
      "type": "string"
    },
    "ssh_command": {
      "value": "ssh ec2-user@52.22.51.188",
      "type": "string"
    }
  },
  "resources": [
    {
      "mode": "data",
      "type": "aws_caller_identity",
      "name": "current",
      "provider": "provider[\"registry.terraform.io/hashicorp/aws\"]",
      "instances": [
        {
          "schema_version": 0,
          "attributes": {
            "account_id": "637423200636",
            "arn": "arn:aws:iam::637423200636:user/mattgorbett",
            "id": "637423200636",
            "user_id": "AIDAZI2LCFF6GINEGAAEI"
          },
          "sensitive_attributes": []
        }
      ]
    },
    {
      "mode": "managed",
      "type": "aws_ecr_repository",
      "name": "model",
      "provider": "provider[\"registry.terraform.io/hashicorp/aws\"]",
      "instances": [
        {
          "schema_version": 0,
          "attributes": {
            "arn": "arn:aws:ecr:us-east-1:637423200636:repository/model-server-repo",
            "encryption_configuration": [
              {
                "encryption_type": "AES256",
                "kms_key": ""
              }
            ],
            "force_delete": true,
            "id": "model-server-repo",
            "image_scanning_configuration": [
              {
                "scan_on_push": true
              }
            ],
            "image_tag_mutability": "MUTABLE",
            "name": "model-server-repo",
            "registry_id": "637423200636",
            "repository_url": "637423200636.dkr.ecr.us-east-1.amazonaws.com/model-server-repo",
            "tags": {
              "Environment": "dev"
            },
            "tags_all": {
              "Environment": "dev"
            },
            "timeouts": null
          },
          "sensitive_attributes": [],
          "private": "eyJlMmJmYjczMC1lY2FhLTExZTYtOGY4OC0zNDM2M2JjN2M0YzAiOnsiZGVsZXRlIjoxMjAwMDAwMDAwMDAwfX0="
        }
      ]
    },
    {
      "mode": "managed",
      "type": "aws_eip",
      "name": "public_ip",
      "provider": "provider[\"registry.terraform.io/hashicorp/aws\"]",
      "instances": [
        {
          "schema_version": 0,
          "attributes": {
            "address": null,
            "allocation_id": "eipalloc-034a2e837bcbe3000",
            "arn": "arn:aws:ec2:us-east-1:637423200636:elastic-ip/eipalloc-034a2e837bcbe3000",
            "associate_with_private_ip": null,
            "association_id": "eipassoc-0db8da2426198c26b",
            "carrier_ip": "",
            "customer_owned_ip": "",
            "customer_owned_ipv4_pool": "",
            "domain": "vpc",
            "id": "eipalloc-034a2e837bcbe3000",
            "instance": "i-01ae9ebcb0745ba76",
            "ipam_pool_id": null,
            "network_border_group": "us-east-1",
            "network_interface": "eni-020f7da3df770014f",
            "private_dns": "ip-10-0-1-208.ec2.internal",
            "private_ip": "10.0.1.208",
            "ptr_record": "",
            "public_dns": "ec2-52-22-51-188.compute-1.amazonaws.com",
            "public_ip": "52.22.51.188",
            "public_ipv4_pool": "amazon",
            "tags": {},
            "tags_all": {},
            "timeouts": null,
            "vpc": true
          },
          "sensitive_attributes": [],
          "private": "eyJlMmJmYjczMC1lY2FhLTExZTYtOGY4OC0zNDM2M2JjN2M0YzAiOnsiZGVsZXRlIjoxODAwMDAwMDAwMDAsInJlYWQiOjkwMDAwMDAwMDAwMCwidXBkYXRlIjozMDAwMDAwMDAwMDB9fQ==",
          "dependencies": [
            "aws_ecr_repository.model",
            "aws_iam_instance_profile.model_server",
            "aws_iam_role.ec2_role",
            "aws_instance.model_server",
            "aws_key_pair.deployer",
            "aws_security_group.model_server",
            "aws_subnet.main"
          ]
        }
      ]
    },
    {
      "mode": "managed",
      "type": "aws_iam_instance_profile",
      "name": "model_server",
      "provider": "provider[\"registry.terraform.io/hashicorp/aws\"]",
      "instances": [
        {
          "schema_version": 0,
          "attributes": {
            "arn": "arn:aws:iam::637423200636:instance-profile/model-server_server_profile_new",
            "create_date": "2025-01-13T03:42:37Z",
            "id": "model-server_server_profile_new",
            "name": "model-server_server_profile_new",
            "name_prefix": "",
            "path": "/",
            "role": "model-server_server_role",
            "tags": {},
            "tags_all": {},
            "unique_id": "AIPAZI2LCFF6PDD5FKM6D"
          },
          "sensitive_attributes": [],
          "private": "bnVsbA==",
          "dependencies": [
            "aws_iam_role.ec2_role"
          ]
        }
      ]
    },
    {
      "mode": "managed",
      "type": "aws_iam_role",
      "name": "ec2_role",
      "provider": "provider[\"registry.terraform.io/hashicorp/aws\"]",
      "instances": [
        {
          "schema_version": 0,
          "attributes": {
            "arn": "arn:aws:iam::637423200636:role/model-server_server_role",
            "assume_role_policy": "{\"Statement\":[{\"Action\":\"sts:AssumeRole\",\"Effect\":\"Allow\",\"Principal\":{\"Service\":\"ec2.amazonaws.com\"}}],\"Version\":\"2012-10-17\"}",
            "create_date": "2025-01-13T03:40:00Z",
            "description": "",
            "force_detach_policies": false,
            "id": "model-server_server_role",
            "inline_policy": [
              {
                "name": "ecr_access",
                "policy": "{\"Version\":\"2012-10-17\",\"Statement\":[{\"Action\":[\"ecr:GetAuthorizationToken\",\"ecr:BatchGetImage\",\"ecr:GetDownloadUrlForLayer\",\"ecr:BatchCheckLayerAvailability\",\"ecr:ListImages\",\"ecr:DescribeImages\",\"ecr:DescribeRepositories\"],\"Effect\":\"Allow\",\"Resource\":\"*\"},{\"Action\":[\"ecr:PutImage\",\"ecr:InitiateLayerUpload\",\"ecr:UploadLayerPart\",\"ecr:CompleteLayerUpload\",\"ecr:BatchCheckLayerAvailability\",\"ecr:GetDownloadUrlForLayer\",\"ecr:BatchGetImage\"],\"Effect\":\"Allow\",\"Resource\":\"arn:aws:ecr:us-east-1:637423200636:repository/model-server-repo\"}]}"
              }
            ],
            "managed_policy_arns": [],
            "max_session_duration": 3600,
            "name": "model-server_server_role",
            "name_prefix": "",
            "path": "/",
            "permissions_boundary": "",
            "tags": {
              "Environment": "dev"
            },
            "tags_all": {
              "Environment": "dev"
            },
            "unique_id": "AROAZI2LCFF6CLFG2H4BE"
          },
          "sensitive_attributes": [],
          "private": "bnVsbA=="
        }
      ]
    },
    {
      "mode": "managed",
      "type": "aws_iam_role_policy",
      "name": "ecr_policy",
      "provider": "provider[\"registry.terraform.io/hashicorp/aws\"]",
      "instances": [
        {
          "schema_version": 0,
          "attributes": {
            "id": "model-server_server_role:ecr_access",
            "name": "ecr_access",
            "name_prefix": "",
            "policy": "{\"Version\":\"2012-10-17\",\"Statement\":[{\"Action\":[\"ecr:GetAuthorizationToken\",\"ecr:BatchGetImage\",\"ecr:GetDownloadUrlForLayer\",\"ecr:BatchCheckLayerAvailability\",\"ecr:ListImages\",\"ecr:DescribeImages\",\"ecr:DescribeRepositories\"],\"Effect\":\"Allow\",\"Resource\":\"*\"},{\"Action\":[\"ecr:PutImage\",\"ecr:InitiateLayerUpload\",\"ecr:UploadLayerPart\",\"ecr:CompleteLayerUpload\",\"ecr:BatchCheckLayerAvailability\",\"ecr:GetDownloadUrlForLayer\",\"ecr:BatchGetImage\"],\"Effect\":\"Allow\",\"Resource\":\"arn:aws:ecr:us-east-1:637423200636:repository/model-server-repo\"}]}",
            "role": "model-server_server_role"
          },
          "sensitive_attributes": [],
          "private": "bnVsbA==",
          "dependencies": [
            "aws_iam_role.ec2_role",
            "data.aws_caller_identity.current"
          ]
        }
      ]
    },
    {
      "mode": "managed",
      "type": "aws_instance",
      "name": "model_server",
      "provider": "provider[\"registry.terraform.io/hashicorp/aws\"]",
      "instances": [
        {
          "schema_version": 1,
          "attributes": {
            "ami": "ami-0772e0bfc7cc9c5de",
            "arn": "arn:aws:ec2:us-east-1:637423200636:instance/i-01ae9ebcb0745ba76",
            "associate_public_ip_address": true,
            "availability_zone": "us-east-1a",
            "capacity_reservation_specification": [
              {
                "capacity_reservation_preference": "open",
                "capacity_reservation_target": []
              }
            ],
            "cpu_core_count": 2,
            "cpu_options": [
              {
                "amd_sev_snp": "",
                "core_count": 2,
                "threads_per_core": 2
              }
            ],
            "cpu_threads_per_core": 2,
            "credit_specification": [],
            "disable_api_stop": false,
            "disable_api_termination": false,
            "ebs_block_device": [],
            "ebs_optimized": false,
            "enable_primary_ipv6": null,
            "enclave_options": [
              {
                "enabled": false
              }
            ],
            "ephemeral_block_device": [],
            "get_password_data": false,
            "hibernation": false,
            "host_id": "",
            "host_resource_group_arn": null,
            "iam_instance_profile": "model-server_server_profile_new",
            "id": "i-01ae9ebcb0745ba76",
            "instance_initiated_shutdown_behavior": "stop",
            "instance_lifecycle": "",
            "instance_market_options": [],
            "instance_state": "running",
            "instance_type": "g5.xlarge",
            "ipv6_address_count": 0,
            "ipv6_addresses": [],
            "key_name": "model-server-deployer-key",
            "launch_template": [],
            "maintenance_options": [
              {
                "auto_recovery": "default"
              }
            ],
            "metadata_options": [
              {
                "http_endpoint": "enabled",
                "http_protocol_ipv6": "disabled",
                "http_put_response_hop_limit": 1,
                "http_tokens": "optional",
                "instance_metadata_tags": "disabled"
              }
            ],
            "monitoring": false,
            "network_interface": [],
            "outpost_arn": "",
            "password_data": "",
            "placement_group": "",
            "placement_partition_number": 0,
            "primary_network_interface_id": "eni-020f7da3df770014f",
            "private_dns": "ip-10-0-1-208.ec2.internal",
            "private_dns_name_options": [
              {
                "enable_resource_name_dns_a_record": false,
                "enable_resource_name_dns_aaaa_record": false,
                "hostname_type": "ip-name"
              }
            ],
            "private_ip": "10.0.1.208",
            "public_dns": "ec2-52-22-51-188.compute-1.amazonaws.com",
            "public_ip": "52.22.51.188",
            "root_block_device": [
              {
                "delete_on_termination": true,
                "device_name": "/dev/sda1",
                "encrypted": false,
                "iops": 3000,
                "kms_key_id": "",
                "tags": {},
                "tags_all": {},
                "throughput": 125,
                "volume_id": "vol-05a6c86d8dab2c345",
                "volume_size": 100,
                "volume_type": "gp3"
              }
            ],
            "secondary_private_ips": [],
            "security_groups": [],
            "source_dest_check": true,
            "spot_instance_request_id": "",
            "subnet_id": "subnet-007e9daa03b17f1f9",
            "tags": {
              "Environment": "dev",
              "Name": "model-server-server"
            },
            "tags_all": {
              "Environment": "dev",
              "Name": "model-server-server"
            },
            "tenancy": "default",
            "timeouts": null,
            "user_data": "a87288fd6cce7a01d806240ef00716f2dc2e4779",
            "user_data_base64": null,
            "user_data_replace_on_change": false,
            "volume_tags": null,
            "vpc_security_group_ids": [
              "sg-063aec549f482e5bd"
            ]
          },
          "sensitive_attributes": [],
          "private": "eyJlMmJmYjczMC1lY2FhLTExZTYtOGY4OC0zNDM2M2JjN2M0YzAiOnsiY3JlYXRlIjo2MDAwMDAwMDAwMDAsImRlbGV0ZSI6MTIwMDAwMDAwMDAwMCwicmVhZCI6OTAwMDAwMDAwMDAwLCJ1cGRhdGUiOjYwMDAwMDAwMDAwMH0sInNjaGVtYV92ZXJzaW9uIjoiMSJ9",
          "dependencies": [
            "aws_ecr_repository.model",
            "aws_iam_instance_profile.model_server",
            "aws_iam_role.ec2_role",
            "aws_key_pair.deployer",
            "aws_security_group.model_server",
            "aws_subnet.main"
          ]
        }
      ]
    },
    {
      "mode": "managed",
      "type": "aws_internet_gateway",
      "name": "main",
      "provider": "provider[\"registry.terraform.io/hashicorp/aws\"]",
      "instances": [
        {
          "schema_version": 0,
          "attributes": {
            "arn": "arn:aws:ec2:us-east-1:637423200636:internet-gateway/igw-0a875935a73259ccb",
            "id": "igw-0a875935a73259ccb",
            "owner_id": "637423200636",
            "tags": {
              "Environment": "dev",
              "Name": "model-server-igw"
            },
            "tags_all": {
              "Environment": "dev",
              "Name": "model-server-igw"
            },
            "timeouts": null,
            "vpc_id": "vpc-02b83ec9d4644a35b"
          },
          "sensitive_attributes": [],
          "private": "eyJlMmJmYjczMC1lY2FhLTExZTYtOGY4OC0zNDM2M2JjN2M0YzAiOnsiY3JlYXRlIjoxMjAwMDAwMDAwMDAwLCJkZWxldGUiOjEyMDAwMDAwMDAwMDAsInVwZGF0ZSI6MTIwMDAwMDAwMDAwMH19"
        }
      ]
    },
    {
      "mode": "managed",
      "type": "aws_key_pair",
      "name": "deployer",
      "provider": "provider[\"registry.terraform.io/hashicorp/aws\"]",
      "instances": [
        {
          "schema_version": 1,
          "attributes": {
            "arn": "arn:aws:ec2:us-east-1:637423200636:key-pair/model-server-deployer-key",
            "fingerprint": "95:d1:6b:5e:01:eb:69:ab:b7:40:55:97:cb:d9:60:d7",
            "id": "model-server-deployer-key",
            "key_name": "model-server-deployer-key",
            "key_name_prefix": "",
            "key_pair_id": "key-0134b6f1ba79b5d6a",
            "key_type": "rsa",
            "public_key": "ssh-rsa AAAAB3NzaC1yc2EAAAADAQABAAABAQDJ8dMvGwzj5vWqXn029Q2DH5WMquwppZg6DziThNZIZICrOJcJmKqysjajBg8obgIWr7aGv7itZRRE+VbQUw+7CmbmQcygKSCN+I//O9j7fEP48vvq5Zm7Ns4nPMN3ZrbVg2BEvtZ5L4j8ANP7i6FLszQuDq/2OWLdYadfmX6FG4gEBb9EQXePJDzrAPdlFXBbQQ+htb5pCT1a69yWqFCltXBPXlawPeMYcvhZA4+oSZyZMsGe9+mBA2eY5LQNgHZBzukyORnr0fNSv5PgarcBg4i32bRZ+cRsYkVE6NbYdB6g07PovhGcBsAP+hh54888fWgjc1wk3gSxhhxG8MjV matthewgorbett@Matthews-MacBook-Air.local",
            "tags": {},
            "tags_all": {}
          },
          "sensitive_attributes": [],
          "private": "eyJzY2hlbWFfdmVyc2lvbiI6IjEifQ=="
        }
      ]
    },
    {
      "mode": "managed",
      "type": "aws_route_table",
      "name": "main",
      "provider": "provider[\"registry.terraform.io/hashicorp/aws\"]",
      "instances": [
        {
          "schema_version": 0,
          "attributes": {
            "arn": "arn:aws:ec2:us-east-1:637423200636:route-table/rtb-08ad30e7c2b4fb818",
            "id": "rtb-08ad30e7c2b4fb818",
            "owner_id": "637423200636",
            "propagating_vgws": [],
            "route": [
              {
                "carrier_gateway_id": "",
                "cidr_block": "0.0.0.0/0",
                "core_network_arn": "",
                "destination_prefix_list_id": "",
                "egress_only_gateway_id": "",
                "gateway_id": "igw-0a875935a73259ccb",
                "ipv6_cidr_block": "",
                "local_gateway_id": "",
                "nat_gateway_id": "",
                "network_interface_id": "",
                "transit_gateway_id": "",
                "vpc_endpoint_id": "",
                "vpc_peering_connection_id": ""
              },
              {
                "carrier_gateway_id": "",
                "cidr_block": "10.1.0.0/16",
                "core_network_arn": "",
                "destination_prefix_list_id": "",
                "egress_only_gateway_id": "",
                "gateway_id": "",
                "ipv6_cidr_block": "",
                "local_gateway_id": "",
                "nat_gateway_id": "",
                "network_interface_id": "",
                "transit_gateway_id": "",
                "vpc_endpoint_id": "",
                "vpc_peering_connection_id": "pcx-052aa0b64affc1f8d"
              }
            ],
            "tags": {
              "Environment": "dev",
              "Name": "model-server-route-table"
            },
            "tags_all": {
              "Environment": "dev",
              "Name": "model-server-route-table"
            },
            "timeouts": null,
            "vpc_id": "vpc-02b83ec9d4644a35b"
          },
          "sensitive_attributes": [],
          "private": "eyJlMmJmYjczMC1lY2FhLTExZTYtOGY4OC0zNDM2M2JjN2M0YzAiOnsiY3JlYXRlIjozMDAwMDAwMDAwMDAsImRlbGV0ZSI6MzAwMDAwMDAwMDAwLCJ1cGRhdGUiOjEyMDAwMDAwMDAwMH19",
          "dependencies": [
            "aws_internet_gateway.main"
          ]
        }
      ]
    },
    {
      "mode": "managed",
      "type": "aws_route_table_association",
      "name": "main",
      "provider": "provider[\"registry.terraform.io/hashicorp/aws\"]",
      "instances": [
        {
          "schema_version": 0,
          "attributes": {
            "gateway_id": "",
            "id": "rtbassoc-0ff2ad09d47c29edd",
            "route_table_id": "rtb-08ad30e7c2b4fb818",
            "subnet_id": "subnet-007e9daa03b17f1f9",
            "timeouts": null
          },
          "sensitive_attributes": [],
          "private": "eyJlMmJmYjczMC1lY2FhLTExZTYtOGY4OC0zNDM2M2JjN2M0YzAiOnsiY3JlYXRlIjozMDAwMDAwMDAwMDAsImRlbGV0ZSI6MzAwMDAwMDAwMDAwLCJ1cGRhdGUiOjEyMDAwMDAwMDAwMH19",
          "dependencies": [
            "aws_internet_gateway.main",
            "aws_route_table.main",
            "aws_subnet.main"
          ]
        }
      ]
    },
    {
      "mode": "managed",
      "type": "aws_security_group",
      "name": "model_server",
      "provider": "provider[\"registry.terraform.io/hashicorp/aws\"]",
      "instances": [
        {
          "schema_version": 1,
          "attributes": {
            "arn": "arn:aws:ec2:us-east-1:637423200636:security-group/sg-063aec549f482e5bd",
            "description": "Security group for model server",
            "egress": [
              {
                "cidr_blocks": [
                  "0.0.0.0/0"
                ],
                "description": "",
                "from_port": 0,
                "ipv6_cidr_blocks": [],
                "prefix_list_ids": [],
                "protocol": "-1",
                "security_groups": [],
                "self": false,
                "to_port": 0
              }
            ],
            "id": "sg-063aec549f482e5bd",
            "ingress": [
              {
                "cidr_blocks": [
                  "0.0.0.0/0"
                ],
                "description": "",
                "from_port": -1,
                "ipv6_cidr_blocks": [],
                "prefix_list_ids": [],
                "protocol": "icmp",
                "security_groups": [],
                "self": false,
                "to_port": -1
              },
              {
                "cidr_blocks": [
                  "0.0.0.0/0"
                ],
                "description": "HTTP",
                "from_port": 80,
                "ipv6_cidr_blocks": [],
                "prefix_list_ids": [],
                "protocol": "tcp",
                "security_groups": [],
                "self": false,
                "to_port": 80
              },
              {
                "cidr_blocks": [
                  "0.0.0.0/0"
                ],
                "description": "HTTPS",
                "from_port": 443,
                "ipv6_cidr_blocks": [],
                "prefix_list_ids": [],
                "protocol": "tcp",
                "security_groups": [],
                "self": false,
                "to_port": 443
              },
              {
                "cidr_blocks": [
                  "0.0.0.0/0"
                ],
                "description": "SSH",
                "from_port": 22,
                "ipv6_cidr_blocks": [],
                "prefix_list_ids": [],
                "protocol": "tcp",
                "security_groups": [],
                "self": false,
                "to_port": 22
              },
              {
                "cidr_blocks": [
                  "10.0.0.0/16",
                  "10.1.0.0/16"
                ],
                "description": "",
                "from_port": 0,
                "ipv6_cidr_blocks": [],
                "prefix_list_ids": [],
                "protocol": "tcp",
                "security_groups": [],
                "self": false,
                "to_port": 65535
              }
            ],
            "name": "model-server-sg",
            "name_prefix": "",
            "owner_id": "637423200636",
            "revoke_rules_on_delete": false,
            "tags": {
              "Environment": "dev",
              "Name": "model-server-sg"
            },
            "tags_all": {
              "Environment": "dev",
              "Name": "model-server-sg"
            },
            "timeouts": null,
            "vpc_id": "vpc-02b83ec9d4644a35b"
          },
          "sensitive_attributes": [],
          "private": "eyJlMmJmYjczMC1lY2FhLTExZTYtOGY4OC0zNDM2M2JjN2M0YzAiOnsiY3JlYXRlIjo2MDAwMDAwMDAwMDAsImRlbGV0ZSI6OTAwMDAwMDAwMDAwfSwic2NoZW1hX3ZlcnNpb24iOiIxIn0="
        }
      ]
    },
    {
      "mode": "managed",
      "type": "aws_subnet",
      "name": "main",
      "provider": "provider[\"registry.terraform.io/hashicorp/aws\"]",
      "instances": [
        {
          "schema_version": 1,
          "attributes": {
            "arn": "arn:aws:ec2:us-east-1:637423200636:subnet/subnet-007e9daa03b17f1f9",
            "assign_ipv6_address_on_creation": false,
            "availability_zone": "us-east-1a",
            "availability_zone_id": "use1-az6",
            "cidr_block": "10.0.1.0/24",
            "customer_owned_ipv4_pool": "",
            "enable_dns64": false,
            "enable_lni_at_device_index": 0,
            "enable_resource_name_dns_a_record_on_launch": false,
            "enable_resource_name_dns_aaaa_record_on_launch": false,
            "id": "subnet-007e9daa03b17f1f9",
            "ipv6_cidr_block": "",
            "ipv6_cidr_block_association_id": "",
            "ipv6_native": false,
            "map_customer_owned_ip_on_launch": false,
            "map_public_ip_on_launch": true,
            "outpost_arn": "",
            "owner_id": "637423200636",
            "private_dns_hostname_type_on_launch": "ip-name",
            "tags": {
              "Environment": "dev",
              "Name": "model-server-subnet"
            },
            "tags_all": {
              "Environment": "dev",
              "Name": "model-server-subnet"
            },
            "timeouts": null,
            "vpc_id": "vpc-02b83ec9d4644a35b"
          },
          "sensitive_attributes": [],
          "private": "eyJlMmJmYjczMC1lY2FhLTExZTYtOGY4OC0zNDM2M2JjN2M0YzAiOnsiY3JlYXRlIjo2MDAwMDAwMDAwMDAsImRlbGV0ZSI6MTIwMDAwMDAwMDAwMH0sInNjaGVtYV92ZXJzaW9uIjoiMSJ9"
        }
      ]
    }
  ],
  "check_results": null
}
